
Microsoft Visual Studio Solution File, Format Version 12.00
# Visual Studio Version 17
VisualStudioVersion = 17.3.32929.385
MinimumVisualStudioVersion = 10.0.40219.1
Project("{FAE04EC0-301F-11D3-BF4B-00C04F79EFBC}") = "Calculator_OOP", "Calculator_OOP\Calculator_OOP.csproj", "{26ED28E0-8460-45A7-8350-2F395FE38928}"
EndProject
Global
	GlobalSection(SolutionConfigurationPlatforms) = preSolution
		Debug|Any CPU = Debug|Any CPU
		Release|Any CPU = Release|Any CPU
	EndGlobalSection
	GlobalSection(ProjectConfigurationPlatforms) = postSolution
		{26ED28E0-8460-45A7-8350-2F395FE38928}.Debug|Any CPU.ActiveCfg = Debug|Any CPU
		{26ED28E0-8460-45A7-8350-2F395FE38928}.Debug|Any CPU.Build.0 = Debug|Any CPU
		{26ED28E0-8460-45A7-8350-2F395FE38928}.Release|Any CPU.ActiveCfg = Release|Any CPU
		{26ED28E0-8460-45A7-8350-2F395FE38928}.Release|Any CPU.Build.0 = Release|Any CPU
	EndGlobalSection
	GlobalSection(SolutionProperties) = preSolution
		HideSolutionNode = FALSE
	EndGlobalSection
	GlobalSection(ExtensibilityGlobals) = postSolution
		SolutionGuid = {6436928D-370A-461E-9DEC-14994193889F}
	EndGlobalSection
EndGlobal
